
Microsoft Visual Studio Solution File, Format Version 12.00
# Visual Studio 15
VisualStudioVersion = 15.0.27130.2036
MinimumVisualStudioVersion = 10.0.40219.1
Project("{FAE04EC0-301F-11D3-BF4B-00C04F79EFBC}") = "MvcConverters", "MvcConverters\MvcConverters.csproj", "{B8E8F4B4-4897-42C8-8171-66AC43389FCF}"
EndProject
Project("{FAE04EC0-301F-11D3-BF4B-00C04F79EFBC}") = "UnitTestMvcConverter", "UnitTestMvcConverter\UnitTestMvcConverter.csproj", "{7D601573-ADD5-4040-B530-851EBA25DBE4}"
EndProject
Global
	GlobalSection(SolutionConfigurationPlatforms) = preSolution
		Debug|Any CPU = Debug|Any CPU
		Release|Any CPU = Release|Any CPU
	EndGlobalSection
	GlobalSection(ProjectConfigurationPlatforms) = postSolution
		{B8E8F4B4-4897-42C8-8171-66AC43389FCF}.Debug|Any CPU.ActiveCfg = Debug|Any CPU
		{B8E8F4B4-4897-42C8-8171-66AC43389FCF}.Debug|Any CPU.Build.0 = Debug|Any CPU
		{B8E8F4B4-4897-42C8-8171-66AC43389FCF}.Release|Any CPU.ActiveCfg = Release|Any CPU
		{B8E8F4B4-4897-42C8-8171-66AC43389FCF}.Release|Any CPU.Build.0 = Release|Any CPU
		{7D601573-ADD5-4040-B530-851EBA25DBE4}.Debug|Any CPU.ActiveCfg = Debug|Any CPU
		{7D601573-ADD5-4040-B530-851EBA25DBE4}.Debug|Any CPU.Build.0 = Debug|Any CPU
		{7D601573-ADD5-4040-B530-851EBA25DBE4}.Release|Any CPU.ActiveCfg = Release|Any CPU
		{7D601573-ADD5-4040-B530-851EBA25DBE4}.Release|Any CPU.Build.0 = Release|Any CPU
	EndGlobalSection
	GlobalSection(SolutionProperties) = preSolution
		HideSolutionNode = FALSE
	EndGlobalSection
	GlobalSection(ExtensibilityGlobals) = postSolution
		SolutionGuid = {ACDF76AF-67D3-4445-B382-26799C1DEDE6}
	EndGlobalSection
EndGlobal
